// !$*UTF8*$!
{
	archiveVersion = 1;
	classes = {
	};
	objectVersion = 56;
	objects = {

/* Begin PBXBuildFile section */
		B4D511862A14A40700F7002F /* WhatsUpApp.swift in Sources */ = {isa = PBXBuildFile; fileRef = B4D511852A14A40700F7002F /* WhatsUpApp.swift */; };
		B4D511882A14A40700F7002F /* ContentView.swift in Sources */ = {isa = PBXBuildFile; fileRef = B4D511872A14A40700F7002F /* ContentView.swift */; };
		B4D5118A2A14A40C00F7002F /* Assets.xcassets in Resources */ = {isa = PBXBuildFile; fileRef = B4D511892A14A40C00F7002F /* Assets.xcassets */; };
		B4D5118D2A14A40C00F7002F /* Preview Assets.xcassets in Resources */ = {isa = PBXBuildFile; fileRef = B4D5118C2A14A40C00F7002F /* Preview Assets.xcassets */; };
		B4D511942A14A5C500F7002F /* GoogleService-Info.plist in Resources */ = {isa = PBXBuildFile; fileRef = B4D511932A14A5C500F7002F /* GoogleService-Info.plist */; };
		B4D511972A14B06E00F7002F /* FirebaseAuth in Frameworks */ = {isa = PBXBuildFile; productRef = B4D511962A14B06E00F7002F /* FirebaseAuth */; };
		B4D511992A14B06E00F7002F /* FirebaseFirestore in Frameworks */ = {isa = PBXBuildFile; productRef = B4D511982A14B06E00F7002F /* FirebaseFirestore */; };
		B4D5119B2A14B06E00F7002F /* FirebaseFirestoreSwift in Frameworks */ = {isa = PBXBuildFile; productRef = B4D5119A2A14B06E00F7002F /* FirebaseFirestoreSwift */; };
		B4D5119D2A14B06E00F7002F /* FirebaseStorage in Frameworks */ = {isa = PBXBuildFile; productRef = B4D5119C2A14B06E00F7002F /* FirebaseStorage */; };
/* End PBXBuildFile section */

/* Begin PBXFileReference section */
		B4D511822A14A40700F7002F /* WhatsUp.app */ = {isa = PBXFileReference; explicitFileType = wrapper.application; includeInIndex = 0; path = WhatsUp.app; sourceTree = BUILT_PRODUCTS_DIR; };
		B4D511852A14A40700F7002F /* WhatsUpApp.swift */ = {isa = PBXFileReference; lastKnownFileType = sourcecode.swift; path = WhatsUpApp.swift; sourceTree = "<group>"; };
		B4D511872A14A40700F7002F /* ContentView.swift */ = {isa = PBXFileReference; lastKnownFileType = sourcecode.swift; path = ContentView.swift; sourceTree = "<group>"; };
		B4D511892A14A40C00F7002F /* Assets.xcassets */ = {isa = PBXFileReference; lastKnownFileType = folder.assetcatalog; path = Assets.xcassets; sourceTree = "<group>"; };
		B4D5118C2A14A40C00F7002F /* Preview Assets.xcassets */ = {isa = PBXFileReference; lastKnownFileType = folder.assetcatalog; path = "Preview Assets.xcassets"; sourceTree = "<group>"; };
		B4D511932A14A5C500F7002F /* GoogleService-Info.plist */ = {isa = PBXFileReference; fileEncoding = 4; lastKnownFileType = text.plist.xml; path = "GoogleService-Info.plist"; sourceTree = "<group>"; };
/* End PBXFileReference section */

/* Begin PBXFrameworksBuildPhase section */
		B4D5117F2A14A40700F7002F /* Frameworks */ = {
			isa = PBXFrameworksBuildPhase;
			buildActionMask = 2147483647;
			files = (
				B4D511972A14B06E00F7002F /* FirebaseAuth in Frameworks */,
				B4D5119D2A14B06E00F7002F /* FirebaseStorage in Frameworks */,
				B4D511992A14B06E00F7002F /* FirebaseFirestore in Frameworks */,
				B4D5119B2A14B06E00F7002F /* FirebaseFirestoreSwift in Frameworks */,
			);
			runOnlyForDeploymentPostprocessing = 0;
		};
/* End PBXFrameworksBuildPhase section */

/* Begin PBXGroup section */
		B4D511792A14A40700F7002F = {
			isa = PBXGroup;
			children = (
				B4D511842A14A40700F7002F /* WhatsUp */,
				B4D511832A14A40700F7002F /* Products */,
			);
			sourceTree = "<group>";
		};
		B4D511832A14A40700F7002F /* Products */ = {
			isa = PBXGroup;
			children = (
				B4D511822A14A40700F7002F /* WhatsUp.app */,
			);
			name = Products;
			sourceTree = "<group>";
		};
		B4D511842A14A40700F7002F /* WhatsUp */ = {
			isa = PBXGroup;
			children = (
				B4D511852A14A40700F7002F /* WhatsUpApp.swift */,
				B4D511872A14A40700F7002F /* ContentView.swift */,
				B4D511892A14A40C00F7002F /* Assets.xcassets */,
				B4D511932A14A5C500F7002F /* GoogleService-Info.plist */,
				B4D5118B2A14A40C00F7002F /* Preview Content */,
			);
			path = WhatsUp;
			sourceTree = "<group>";
		};
		B4D5118B2A14A40C00F7002F /* Preview Content */ = {
			isa = PBXGroup;
			children = (
				B4D5118C2A14A40C00F7002F /* Preview Assets.xcassets */,
			);
			path = "Preview Content";
			sourceTree = "<group>";
		};
/* End PBXGroup section */

/* Begin PBXNativeTarget section */
		B4D511812A14A40700F7002F /* WhatsUp */ = {
			isa = PBXNativeTarget;
			buildConfigurationList = B4D511902A14A40C00F7002F /* Build configuration list for PBXNativeTarget "WhatsUp" */;
			buildPhases = (
				B4D5117E2A14A40700F7002F /* Sources */,
				B4D5117F2A14A40700F7002F /* Frameworks */,
				B4D511802A14A40700F7002F /* Resources */,
			);
			buildRules = (
			);
			dependencies = (
			);
			name = WhatsUp;
			packageProductDependencies = (
				B4D511962A14B06E00F7002F /* FirebaseAuth */,
				B4D511982A14B06E00F7002F /* FirebaseFirestore */,
				B4D5119A2A14B06E00F7002F /* FirebaseFirestoreSwift */,
				B4D5119C2A14B06E00F7002F /* FirebaseStorage */,
			);
			productName = WhatsUp;
			productReference = B4D511822A14A40700F7002F /* WhatsUp.app */;
			productType = "com.apple.product-type.application";
		};
/* End PBXNativeTarget section */

/* Begin PBXProject section */
		B4D5117A2A14A40700F7002F /* Project object */ = {
			isa = PBXProject;
			attributes = {
				BuildIndependentTargetsInParallel = 1;
				LastSwiftUpdateCheck = 1430;
				LastUpgradeCheck = 1430;
				TargetAttributes = {
					B4D511812A14A40700F7002F = {
						CreatedOnToolsVersion = 14.3;
					};
				};
			};
			buildConfigurationList = B4D5117D2A14A40700F7002F /* Build configuration list for PBXProject "WhatsUp" */;
			compatibilityVersion = "Xcode 14.0";
			developmentRegion = en;
			hasScannedForEncodings = 0;
			knownRegions = (
				en,
				Base,
			);
			mainGroup = B4D511792A14A40700F7002F;
			packageReferences = (
				B4D511952A14B06D00F7002F /* XCRemoteSwiftPackageReference "firebase-ios-sdk" */,
			);
			productRefGroup = B4D511832A14A40700F7002F /* Products */;
			projectDirPath = "";
			projectRoot = "";
			targets = (
				B4D511812A14A40700F7002F /* WhatsUp */,
			);
		};
/* End PBXProject section */

/* Begin PBXResourcesBuildPhase section */
		B4D511802A14A40700F7002F /* Resources */ = {
			isa = PBXResourcesBuildPhase;
			buildActionMask = 2147483647;
			files = (
				B4D5118D2A14A40C00F7002F /* Preview Assets.xcassets in Resources */,
				B4D5118A2A14A40C00F7002F /* Assets.xcassets in Resources */,
				B4D511942A14A5C500F7002F /* GoogleService-Info.plist in Resources */,
			);
			runOnlyForDeploymentPostprocessing = 0;
		};
/* End PBXResourcesBuildPhase section */

/* Begin PBXSourcesBuildPhase section */
		B4D5117E2A14A40700F7002F /* Sources */ = {
			isa = PBXSourcesBuildPhase;
			buildActionMask = 2147483647;
			files = (
				B4D511882A14A40700F7002F /* ContentView.swift in Sources */,
				B4D511862A14A40700F7002F /* WhatsUpApp.swift in Sources */,
			);
			runOnlyForDeploymentPostprocessing = 0;
		};
/* End PBXSourcesBuildPhase section */

/* Begin XCBuildConfiguration section */
		B4D5118E2A14A40C00F7002F /* Debug */ = {
			isa = XCBuildConfiguration;
			buildSettings = {
				ALWAYS_SEARCH_USER_PATHS = NO;
				CLANG_ANALYZER_NONNULL = YES;
				CLANG_ANALYZER_NUMBER_OBJECT_CONVERSION = YES_AGGRESSIVE;
				CLANG_CXX_LANGUAGE_STANDARD = "gnu++20";
				CLANG_ENABLE_MODULES = YES;
				CLANG_ENABLE_OBJC_ARC = YES;
				CLANG_ENABLE_OBJC_WEAK = YES;
				CLANG_WARN_BLOCK_CAPTURE_AUTORELEASING = YES;
				CLANG_WARN_BOOL_CONVERSION = YES;
				CLANG_WARN_COMMA = YES;
				CLANG_WARN_CONSTANT_CONVERSION = YES;
				CLANG_WARN_DEPRECATED_OBJC_IMPLEMENTATIONS = YES;
				CLANG_WARN_DIRECT_OBJC_ISA_USAGE = YES_ERROR;
				CLANG_WARN_DOCUMENTATION_COMMENTS = YES;
				CLANG_WARN_EMPTY_BODY = YES;
				CLANG_WARN_ENUM_CONVERSION = YES;
				CLANG_WARN_INFINITE_RECURSION = YES;
				CLANG_WARN_INT_CONVERSION = YES;
				CLANG_WARN_NON_LITERAL_NULL_CONVERSION = YES;
				CLANG_WARN_OBJC_IMPLICIT_RETAIN_SELF = YES;
				CLANG_WARN_OBJC_LITERAL_CONVERSION = YES;
				CLANG_WARN_OBJC_ROOT_CLASS = YES_ERROR;
				CLANG_WARN_QUOTED_INCLUDE_IN_FRAMEWORK_HEADER = YES;
				CLANG_WARN_RANGE_LOOP_ANALYSIS = YES;
				CLANG_WARN_STRICT_PROTOTYPES = YES;
				CLANG_WARN_SUSPICIOUS_MOVE = YES;
				CLANG_WARN_UNGUARDED_AVAILABILITY = YES_AGGRESSIVE;
				CLANG_WARN_UNREACHABLE_CODE = YES;
				CLANG_WARN__DUPLICATE_METHOD_MATCH = YES;
				COPY_PHASE_STRIP = NO;
				DEBUG_INFORMATION_FORMAT = dwarf;
				ENABLE_STRICT_OBJC_MSGSEND = YES;
				ENABLE_TESTABILITY = YES;
				GCC_C_LANGUAGE_STANDARD = gnu11;
				GCC_DYNAMIC_NO_PIC = NO;
				GCC_NO_COMMON_BLOCKS = YES;
				GCC_OPTIMIZATION_LEVEL = 0;
				GCC_PREPROCESSOR_DEFINITIONS = (
					"DEBUG=1",
					"$(inherited)",
				);
				GCC_WARN_64_TO_32_BIT_CONVERSION = YES;
				GCC_WARN_ABOUT_RETURN_TYPE = YES_ERROR;
				GCC_WARN_UNDECLARED_SELECTOR = YES;
				GCC_WARN_UNINITIALIZED_AUTOS = YES_AGGRESSIVE;
				GCC_WARN_UNUSED_FUNCTION = YES;
				GCC_WARN_UNUSED_VARIABLE = YES;
				IPHONEOS_DEPLOYMENT_TARGET = 16.4;
				MTL_ENABLE_DEBUG_INFO = INCLUDE_SOURCE;
				MTL_FAST_MATH = YES;
				ONLY_ACTIVE_ARCH = YES;
				SDKROOT = iphoneos;
				SWIFT_ACTIVE_COMPILATION_CONDITIONS = DEBUG;
				SWIFT_OPTIMIZATION_LEVEL = "-Onone";
			};
			name = Debug;
		};
		B4D5118F2A14A40C00F7002F /* Release */ = {
			isa = XCBuildConfiguration;
			buildSettings = {
				ALWAYS_SEARCH_USER_PATHS = NO;
				CLANG_ANALYZER_NONNULL = YES;
				CLANG_ANALYZER_NUMBER_OBJECT_CONVERSION = YES_AGGRESSIVE;
				CLANG_CXX_LANGUAGE_STANDARD = "gnu++20";
				CLANG_ENABLE_MODULES = YES;
				CLANG_ENABLE_OBJC_ARC = YES;
				CLANG_ENABLE_OBJC_WEAK = YES;
				CLANG_WARN_BLOCK_CAPTURE_AUTORELEASING = YES;
				CLANG_WARN_BOOL_CONVERSION = YES;
				CLANG_WARN_COMMA = YES;
				CLANG_WARN_CONSTANT_CONVERSION = YES;
				CLANG_WARN_DEPRECATED_OBJC_IMPLEMENTATIONS = YES;
				CLANG_WARN_DIRECT_OBJC_ISA_USAGE = YES_ERROR;
				CLANG_WARN_DOCUMENTATION_COMMENTS = YES;
				CLANG_WARN_EMPTY_BODY = YES;
				CLANG_WARN_ENUM_CONVERSION = YES;
				CLANG_WARN_INFINITE_RECURSION = YES;
				CLANG_WARN_INT_CONVERSION = YES;
				CLANG_WARN_NON_LITERAL_NULL_CONVERSION = YES;
				CLANG_WARN_OBJC_IMPLICIT_RETAIN_SELF = YES;
				CLANG_WARN_OBJC_LITERAL_CONVERSION = YES;
				CLANG_WARN_OBJC_ROOT_CLASS = YES_ERROR;
				CLANG_WARN_QUOTED_INCLUDE_IN_FRAMEWORK_HEADER = YES;
				CLANG_WARN_RANGE_LOOP_ANALYSIS = YES;
				CLANG_WARN_STRICT_PROTOTYPES = YES;
				CLANG_WARN_SUSPICIOUS_MOVE = YES;
				CLANG_WARN_UNGUARDED_AVAILABILITY = YES_AGGRESSIVE;
				CLANG_WARN_UNREACHABLE_CODE = YES;
				CLANG_WARN__DUPLICATE_METHOD_MATCH = YES;
				COPY_PHASE_STRIP = NO;
				DEBUG_INFORMATION_FORMAT = "dwarf-with-dsym";
				ENABLE_NS_ASSERTIONS = NO;
				ENABLE_STRICT_OBJC_MSGSEND = YES;
				GCC_C_LANGUAGE_STANDARD = gnu11;
				GCC_NO_COMMON_BLOCKS = YES;
				GCC_WARN_64_TO_32_BIT_CONVERSION = YES;
				GCC_WARN_ABOUT_RETURN_TYPE = YES_ERROR;
				GCC_WARN_UNDECLARED_SELECTOR = YES;
				GCC_WARN_UNINITIALIZED_AUTOS = YES_AGGRESSIVE;
				GCC_WARN_UNUSED_FUNCTION = YES;
				GCC_WARN_UNUSED_VARIABLE = YES;
				IPHONEOS_DEPLOYMENT_TARGET = 16.4;
				MTL_ENABLE_DEBUG_INFO = NO;
				MTL_FAST_MATH = YES;
				SDKROOT = iphoneos;
				SWIFT_COMPILATION_MODE = wholemodule;
				SWIFT_OPTIMIZATION_LEVEL = "-O";
				VALIDATE_PRODUCT = YES;
			};
			name = Release;
		};
		B4D511912A14A40C00F7002F /* Debug */ = {
			isa = XCBuildConfiguration;
			buildSettings = {
				ASSETCATALOG_COMPILER_APPICON_NAME = AppIcon;
				ASSETCATALOG_COMPILER_GLOBAL_ACCENT_COLOR_NAME = AccentColor;
				CODE_SIGN_STYLE = Automatic;
				CURRENT_PROJECT_VERSION = 1;
				DEVELOPMENT_ASSET_PATHS = "\"WhatsUp/Preview Content\"";
				DEVELOPMENT_TEAM = ZJUQAVTLY7;
				ENABLE_PREVIEWS = YES;
				GENERATE_INFOPLIST_FILE = YES;
				INFOPLIST_KEY_UIApplicationSceneManifest_Generation = YES;
				INFOPLIST_KEY_UIApplicationSupportsIndirectInputEvents = YES;
				INFOPLIST_KEY_UILaunchScreen_Generation = YES;
				INFOPLIST_KEY_UISupportedInterfaceOrientations_iPad = "UIInterfaceOrientationPortrait UIInterfaceOrientationPortraitUpsideDown UIInterfaceOrientationLandscapeLeft UIInterfaceOrientationLandscapeRight";
				INFOPLIST_KEY_UISupportedInterfaceOrientations_iPhone = "UIInterfaceOrientationPortrait UIInterfaceOrientationLandscapeLeft UIInterfaceOrientationLandscapeRight";
				LD_RUNPATH_SEARCH_PATHS = (
					"$(inherited)",
					"@executable_path/Frameworks",
				);
				MARKETING_VERSION = 1.0;
				PRODUCT_BUNDLE_IDENTIFIER = com.sergioherrera.WhatsUp;
				PRODUCT_NAME = "$(TARGET_NAME)";
				SWIFT_EMIT_LOC_STRINGS = YES;
				SWIFT_VERSION = 5.0;
				TARGETED_DEVICE_FAMILY = "1,2";
			};
			name = Debug;
		};
		B4D511922A14A40C00F7002F /* Release */ = {
			isa = XCBuildConfiguration;
			buildSettings = {
				ASSETCATALOG_COMPILER_APPICON_NAME = AppIcon;
				ASSETCATALOG_COMPILER_GLOBAL_ACCENT_COLOR_NAME = AccentColor;
				CODE_SIGN_STYLE = Automatic;
				CURRENT_PROJECT_VERSION = 1;
				DEVELOPMENT_ASSET_PATHS = "\"WhatsUp/Preview Content\"";
				DEVELOPMENT_TEAM = ZJUQAVTLY7;
				ENABLE_PREVIEWS = YES;
				GENERATE_INFOPLIST_FILE = YES;
				INFOPLIST_KEY_UIApplicationSceneManifest_Generation = YES;
				INFOPLIST_KEY_UIApplicationSupportsIndirectInputEvents = YES;
				INFOPLIST_KEY_UILaunchScreen_Generation = YES;
				INFOPLIST_KEY_UISupportedInterfaceOrientations_iPad = "UIInterfaceOrientationPortrait UIInterfaceOrientationPortraitUpsideDown UIInterfaceOrientationLandscapeLeft UIInterfaceOrientationLandscapeRight";
				INFOPLIST_KEY_UISupportedInterfaceOrientations_iPhone = "UIInterfaceOrientationPortrait UIInterfaceOrientationLandscapeLeft UIInterfaceOrientationLandscapeRight";
				LD_RUNPATH_SEARCH_PATHS = (
					"$(inherited)",
					"@executable_path/Frameworks",
				);
				MARKETING_VERSION = 1.0;
				PRODUCT_BUNDLE_IDENTIFIER = com.sergioherrera.WhatsUp;
				PRODUCT_NAME = "$(TARGET_NAME)";
				SWIFT_EMIT_LOC_STRINGS = YES;
				SWIFT_VERSION = 5.0;
				TARGETED_DEVICE_FAMILY = "1,2";
			};
			name = Release;
		};
/* End XCBuildConfiguration section */

/* Begin XCConfigurationList section */
		B4D5117D2A14A40700F7002F /* Build configuration list for PBXProject "WhatsUp" */ = {
			isa = XCConfigurationList;
			buildConfigurations = (
				B4D5118E2A14A40C00F7002F /* Debug */,
				B4D5118F2A14A40C00F7002F /* Release */,
			);
			defaultConfigurationIsVisible = 0;
			defaultConfigurationName = Release;
		};
		B4D511902A14A40C00F7002F /* Build configuration list for PBXNativeTarget "WhatsUp" */ = {
			isa = XCConfigurationList;
			buildConfigurations = (
				B4D511912A14A40C00F7002F /* Debug */,
				B4D511922A14A40C00F7002F /* Release */,
			);
			defaultConfigurationIsVisible = 0;
			defaultConfigurationName = Release;
		};
/* End XCConfigurationList section */

/* Begin XCRemoteSwiftPackageReference section */
		B4D511952A14B06D00F7002F /* XCRemoteSwiftPackageReference "firebase-ios-sdk" */ = {
			isa = XCRemoteSwiftPackageReference;
			repositoryURL = "https://github.com/firebase/firebase-ios-sdk.git";
			requirement = {
				kind = upToNextMajorVersion;
				minimumVersion = 10.0.0;
			};
		};
/* End XCRemoteSwiftPackageReference section */

/* Begin XCSwiftPackageProductDependency section */
		B4D511962A14B06E00F7002F /* FirebaseAuth */ = {
			isa = XCSwiftPackageProductDependency;
			package = B4D511952A14B06D00F7002F /* XCRemoteSwiftPackageReference "firebase-ios-sdk" */;
			productName = FirebaseAuth;
		};
		B4D511982A14B06E00F7002F /* FirebaseFirestore */ = {
			isa = XCSwiftPackageProductDependency;
			package = B4D511952A14B06D00F7002F /* XCRemoteSwiftPackageReference "firebase-ios-sdk" */;
			productName = FirebaseFirestore;
		};
		B4D5119A2A14B06E00F7002F /* FirebaseFirestoreSwift */ = {
			isa = XCSwiftPackageProductDependency;
			package = B4D511952A14B06D00F7002F /* XCRemoteSwiftPackageReference "firebase-ios-sdk" */;
			productName = FirebaseFirestoreSwift;
		};
		B4D5119C2A14B06E00F7002F /* FirebaseStorage */ = {
			isa = XCSwiftPackageProductDependency;
			package = B4D511952A14B06D00F7002F /* XCRemoteSwiftPackageReference "firebase-ios-sdk" */;
			productName = FirebaseStorage;
		};
/* End XCSwiftPackageProductDependency section */
	};
	rootObject = B4D5117A2A14A40700F7002F /* Project object */;
}
